
Microsoft Visual Studio Solution File, Format Version 12.00
# Visual Studio Version 16
VisualStudioVersion = 16.0.31005.135
MinimumVisualStudioVersion = 10.0.40219.1
Project("{9A19103F-16F7-4668-BE54-9A1E7A4F7556}") = "AuthnAPI", "AuthnAPI\AuthnAPI.csproj", "{998ECB1A-3188-4103-A4A6-343878ED519B}"
EndProject
Global
	GlobalSection(SolutionConfigurationPlatforms) = preSolution
		Debug|Any CPU = Debug|Any CPU
		Release|Any CPU = Release|Any CPU
	EndGlobalSection
	GlobalSection(ProjectConfigurationPlatforms) = postSolution
		{998ECB1A-3188-4103-A4A6-343878ED519B}.Debug|Any CPU.ActiveCfg = Debug|Any CPU
		{998ECB1A-3188-4103-A4A6-343878ED519B}.Debug|Any CPU.Build.0 = Debug|Any CPU
		{998ECB1A-3188-4103-A4A6-343878ED519B}.Release|Any CPU.ActiveCfg = Release|Any CPU
		{998ECB1A-3188-4103-A4A6-343878ED519B}.Release|Any CPU.Build.0 = Release|Any CPU
	EndGlobalSection
	GlobalSection(SolutionProperties) = preSolution
		HideSolutionNode = FALSE
	EndGlobalSection
	GlobalSection(ExtensibilityGlobals) = postSolution
		SolutionGuid = {E2469465-114B-4F5E-82D2-84257CFE3629}
	EndGlobalSection
EndGlobal
