
Microsoft Visual Studio Solution File, Format Version 12.00
# Visual Studio Version 16
VisualStudioVersion = 16.0.31005.135
MinimumVisualStudioVersion = 10.0.40219.1
Project("{FAE04EC0-301F-11D3-BF4B-00C04F79EFBC}") = "ResourceApp", "ResourceApp\ResourceApp.csproj", "{0C5667D9-78B5-4E00-8CEC-0AD394DF729F}"
EndProject
Global
	GlobalSection(SolutionConfigurationPlatforms) = preSolution
		Debug|Any CPU = Debug|Any CPU
		Release|Any CPU = Release|Any CPU
	EndGlobalSection
	GlobalSection(ProjectConfigurationPlatforms) = postSolution
		{0C5667D9-78B5-4E00-8CEC-0AD394DF729F}.Debug|Any CPU.ActiveCfg = Debug|Any CPU
		{0C5667D9-78B5-4E00-8CEC-0AD394DF729F}.Debug|Any CPU.Build.0 = Debug|Any CPU
		{0C5667D9-78B5-4E00-8CEC-0AD394DF729F}.Release|Any CPU.ActiveCfg = Release|Any CPU
		{0C5667D9-78B5-4E00-8CEC-0AD394DF729F}.Release|Any CPU.Build.0 = Release|Any CPU
	EndGlobalSection
	GlobalSection(SolutionProperties) = preSolution
		HideSolutionNode = FALSE
	EndGlobalSection
	GlobalSection(ExtensibilityGlobals) = postSolution
		SolutionGuid = {E4542912-416B-40F3-BD97-B8C0855FF1A3}
	EndGlobalSection
EndGlobal
